dependencies:
- name: cf-common
  repository: oci://quay.io/codefresh/charts
  version: 0.18.1
- name: internal-gateway
  repository: oci://quay.io/codefresh/charts
  version: 0.6.0
- name: consul
  repository: https://charts.bitnami.com/bitnami
  version: 11.0.0
- name: mongodb
  repository: https://charts.bitnami.com/bitnami
  version: 14.4.1
- name: postgresql
  repository: https://charts.bitnami.com/bitnami
  version: 12.5.1
- name: postgresql-ha
  repository: oci://registry-1.docker.io/bitnamicharts
  version: 12.0.4
- name: redis
  repository: https://charts.bitnami.com/bitnami
  version: 18.19.2
- name: redis-ha
  repository: https://dandydeveloper.github.io/charts
  version: 4.26.1
- name: rabbitmq
  repository: https://charts.bitnami.com/bitnami
  version: 12.15.0
- name: nats
  repository: https://charts.bitnami.com/bitnami
  version: 7.18.1
- name: builder
  repository: oci://quay.io/codefresh/charts
  version: 1.3.0
- name: runner
  repository: oci://quay.io/codefresh/charts
  version: 1.3.0
- name: ingress-nginx
  repository: https://kubernetes.github.io/ingress-nginx
  version: 4.10.0
- name: cluster-providers
  repository: oci://quay.io/codefresh/charts
  version: 1.17.4
- name: kube-integration
  repository: oci://quay.io/codefresh/charts
  version: 1.31.4
- name: charts-manager
  repository: oci://quay.io/codefresh/charts
  version: 1.16.12
- name: cfsign
  repository: oci://quay.io/codefresh/charts
  version: 1.8.0
- name: tasker-kubernetes
  repository: oci://quay.io/codefresh/charts
  version: 1.26.3
- name: context-manager
  repository: oci://quay.io/codefresh/charts
  version: 2.27.2
- name: pipeline-manager
  repository: oci://quay.io/codefresh/charts
  version: 3.133.5
- name: gitops-dashboard-manager
  repository: oci://quay.io/codefresh/charts
  version: 1.14.11
- name: cfapi
  repository: oci://quay.io/codefresh/charts
  version: 21.248.47
- name: cfapi
  repository: oci://quay.io/codefresh/charts
  version: 21.248.47
- name: cfapi
  repository: oci://quay.io/codefresh/charts
  version: 21.248.47
- name: cfapi
  repository: oci://quay.io/codefresh/charts
  version: 21.248.47
- name: cfapi
  repository: oci://quay.io/codefresh/charts
  version: 21.248.47
- name: cfapi
  repository: oci://quay.io/codefresh/charts
  version: 21.248.47
- name: cfapi
  repository: oci://quay.io/codefresh/charts
  version: 21.248.47
- name: cfapi
  repository: oci://quay.io/codefresh/charts
  version: 21.248.47
- name: cfapi
  repository: oci://quay.io/codefresh/charts
  version: 21.248.47
- name: cfapi
  repository: oci://quay.io/codefresh/charts
  version: 21.248.47
- name: cfapi
  repository: oci://quay.io/codefresh/charts
  version: 21.248.47
- name: cfapi
  repository: oci://quay.io/codefresh/charts
  version: 21.248.47
- name: cfapi
  repository: oci://quay.io/codefresh/charts
  version: 21.248.47
- name: cfapi
  repository: oci://quay.io/codefresh/charts
  version: 21.248.47
- name: cfapi
  repository: oci://quay.io/codefresh/charts
  version: 21.248.47
- name: cfapi
  repository: oci://quay.io/codefresh/charts
  version: 21.248.47
- name: cfapi
  repository: oci://quay.io/codefresh/charts
  version: 21.248.47
- name: cfui
  repository: oci://quay.io/codefresh/charts
  version: 14.93.94
- name: k8s-monitor
  repository: oci://quay.io/codefresh/charts
  version: 4.11.6
- name: runtime-environment-manager
  repository: oci://quay.io/codefresh/charts
  version: 3.34.2
- name: cf-broadcaster
  repository: oci://quay.io/codefresh/charts
  version: 1.12.9
- name: helm-repo-manager
  repository: oci://quay.io/codefresh/charts
  version: 0.14.0
- name: hermes
  repository: oci://quay.io/codefresh/charts
  version: 0.21.8
- name: nomios
  repository: oci://quay.io/codefresh/charts
  version: 0.11.5
- name: cronus
  repository: oci://quay.io/codefresh/charts
  version: 0.8.5
- name: cf-platform-analytics
  repository: oci://quay.io/codefresh/charts
  version: 0.49.37
- name: cf-platform-analytics
  repository: oci://quay.io/codefresh/charts
  version: 0.49.37
- name: argo-platform
  repository: oci://quay.io/codefresh/charts
  version: 1.2726.0
- name: argo-hub-platform
  repository: oci://quay.io/codefresh/charts
  version: 0.1.11
- name: cf-oidc-provider
  repository: oci://quay.io/codefresh/charts
  version: 0.0.14
digest: sha256:42a135491dffa22e2a8a953231e1ab8a8018c2e233818885dce1f77ec087c52b
generated: "2024-03-26T21:45:24.814558482+03:00"
