dependencies:
- name: cf-common
  repository: https://chartmuseum.codefresh.io/cf-common
  version: 0.13.0
- name: internal-gateway
  repository: https://chartmuseum.codefresh.io/internal-gateway
  version: 0.2.5
- name: consul
  repository: https://charts.bitnami.com/bitnami
  version: 10.12.6
- name: mongodb
  repository: https://charts.bitnami.com/bitnami
  version: 13.12.1
- name: postgresql
  repository: https://charts.bitnami.com/bitnami
  version: 12.5.1
- name: redis
  repository: https://charts.bitnami.com/bitnami
  version: 17.11.6
- name: rabbitmq
  repository: https://charts.bitnami.com/bitnami
  version: 11.15.2
- name: nats
  repository: https://charts.bitnami.com/bitnami
  version: 7.8.5
- name: builder
  repository: https://chartmuseum.codefresh.io/builder
  version: 1.2.0
- name: runner
  repository: https://chartmuseum.codefresh.io/runner
  version: 1.2.0
- name: ingress-nginx
  repository: https://kubernetes.github.io/ingress-nginx
  version: 4.7.1
- name: cluster-providers
  repository: https://chartmuseum.codefresh.io/cluster-providers
  version: 1.16.3
- name: kube-integration
  repository: https://chartmuseum.codefresh.io/kube-integration
  version: 1.30.3
- name: charts-manager
  repository: https://chartmuseum.codefresh.io/charts-manager
  version: 1.16.3
- name: cfsign
  repository: https://chartmuseum.codefresh.io/cfsign
  version: 1.6.1
- name: tasker-kubernetes
  repository: https://chartmuseum.codefresh.io/tasker-kubernetes
  version: 1.24.3
- name: context-manager
  repository: https://chartmuseum.codefresh.io/context-manager
  version: 2.26.4
- name: pipeline-manager
  repository: https://chartmuseum.codefresh.io/pipeline-manager
  version: 3.130.2
- name: gitops-dashboard-manager
  repository: https://chartmuseum.codefresh.io/gitops-dashboard-manager
  version: 1.14.3
- name: cfapi
  repository: https://chartmuseum.codefresh.io/cfapi
  version: 21.233.16
- name: cfapi
  repository: https://chartmuseum.codefresh.io/cfapi
  version: 21.233.16
- name: cfapi
  repository: https://chartmuseum.codefresh.io/cfapi
  version: 21.233.16
- name: cfapi
  repository: https://chartmuseum.codefresh.io/cfapi
  version: 21.233.16
- name: cfapi
  repository: https://chartmuseum.codefresh.io/cfapi
  version: 21.233.16
- name: cfapi
  repository: https://chartmuseum.codefresh.io/cfapi
  version: 21.233.16
- name: cfapi
  repository: https://chartmuseum.codefresh.io/cfapi
  version: 21.233.16
- name: cfapi
  repository: https://chartmuseum.codefresh.io/cfapi
  version: 21.233.16
- name: cfapi
  repository: https://chartmuseum.codefresh.io/cfapi
  version: 21.233.16
- name: cfapi
  repository: https://chartmuseum.codefresh.io/cfapi
  version: 21.233.16
- name: cfapi
  repository: https://chartmuseum.codefresh.io/cfapi
  version: 21.233.16
- name: cfapi
  repository: https://chartmuseum.codefresh.io/cfapi
  version: 21.233.16
- name: cfapi
  repository: https://chartmuseum.codefresh.io/cfapi
  version: 21.233.16
- name: cfapi
  repository: https://chartmuseum.codefresh.io/cfapi
  version: 21.233.16
- name: cfapi
  repository: https://chartmuseum.codefresh.io/cfapi
  version: 21.233.16
- name: cfapi
  repository: https://chartmuseum.codefresh.io/cfapi
  version: 21.233.16
- name: cfapi
  repository: https://chartmuseum.codefresh.io/cfapi
  version: 21.233.16
- name: cfui
  repository: https://chartmuseum.codefresh.io/cfui
  version: 14.91.79
- name: k8s-monitor
  repository: https://chartmuseum.codefresh.io/k8s-monitor
  version: 4.11.2
- name: runtime-environment-manager
  repository: https://chartmuseum.codefresh.io/runtime-environment-manager
  version: 3.32.1
- name: cf-broadcaster
  repository: https://chartmuseum.codefresh.io/cf-broadcaster
  version: 1.12.4
- name: helm-repo-manager
  repository: https://chartmuseum.codefresh.io/helm-repo-manager
  version: 0.12.4
- name: hermes
  repository: https://chartmuseum.codefresh.io/hermes
  version: 0.21.3
- name: nomios
  repository: https://chartmuseum.codefresh.io/nomios
  version: 0.11.1
- name: cronus
  repository: https://chartmuseum.codefresh.io/cronus
  version: 0.8.1
- name: cf-platform-analytics
  repository: https://chartmuseum.codefresh.io/cf-platform-analytics
  version: 0.49.10
- name: cf-platform-analytics
  repository: https://chartmuseum.codefresh.io/cf-platform-analytics
  version: 0.49.10
- name: argo-platform
  repository: https://chartmuseum.codefresh.io/argo-platform
  version: 1.2403.0
- name: argo-hub-platform
  repository: https://chartmuseum.codefresh.io/argo-hub-platform
  version: 0.1.4
- name: codefresh-tunnel-server
  repository: https://chartmuseum.codefresh.io/codefresh-tunnel-server
  version: 0.1.14
digest: sha256:2092a1608dbe4b5981c9ea703b3a150116b915cd5a104fab5a011609bc941997
generated: "2023-08-24T17:37:18.542323454+03:00"
