dependencies:
- name: cf-common
  repository: https://chartmuseum.codefresh.io/cf-common
  version: 0.7.0
- name: internal-gateway
  repository: https://chartmuseum.codefresh.io/internal-gateway
  version: 0.1.1
- name: consul
  repository: https://charts.bitnami.com/bitnami
  version: 10.9.6
- name: mongodb
  repository: https://charts.bitnami.com/bitnami
  version: 13.6.2
- name: postgresql
  repository: https://charts.bitnami.com/bitnami
  version: 12.1.6
- name: redis
  repository: https://charts.bitnami.com/bitnami
  version: 17.3.14
- name: rabbitmq
  repository: https://charts.bitnami.com/bitnami
  version: 11.1.5
- name: nats
  repository: https://charts.bitnami.com/bitnami
  version: 7.4.8
- name: builder
  repository: https://chartmuseum.codefresh.io/builder
  version: 1.1.0
- name: runner
  repository: https://chartmuseum.codefresh.io/runner
  version: 1.1.0
- name: ingress-nginx
  repository: https://kubernetes.github.io/ingress-nginx
  version: 4.3.0
- name: cluster-providers
  repository: https://chartmuseum.codefresh.io/cluster-providers
  version: 1.14.3
- name: kube-integration
  repository: https://chartmuseum.codefresh.io/kube-integration
  version: 1.29.4
- name: charts-manager
  repository: https://chartmuseum.codefresh.io/charts-manager
  version: 1.15.5
- name: cfsign
  repository: https://chartmuseum.codefresh.io/cfsign
  version: 1.5.0
- name: tasker-kubernetes
  repository: https://chartmuseum.codefresh.io/tasker-kubernetes
  version: 1.23.1
- name: context-manager
  repository: https://chartmuseum.codefresh.io/context-manager
  version: 2.24.0
- name: pipeline-manager
  repository: https://chartmuseum.codefresh.io/pipeline-manager
  version: 3.126.0
- name: gitops-dashboard-manager
  repository: https://chartmuseum.codefresh.io/gitops-dashboard-manager
  version: 1.13.2
- name: cfapi
  repository: https://chartmuseum-dev.codefresh.io/cfapi
  version: 21.221.36-cr-17544
- name: cfapi
  repository: https://chartmuseum-dev.codefresh.io/cfapi
  version: 21.221.36-cr-17544
- name: cfapi
  repository: https://chartmuseum-dev.codefresh.io/cfapi
  version: 21.221.36-cr-17544
- name: cfapi
  repository: https://chartmuseum-dev.codefresh.io/cfapi
  version: 21.221.36-cr-17544
- name: cfapi
  repository: https://chartmuseum-dev.codefresh.io/cfapi
  version: 21.221.36-cr-17544
- name: cfapi
  repository: https://chartmuseum-dev.codefresh.io/cfapi
  version: 21.221.36-cr-17544
- name: cfapi
  repository: https://chartmuseum-dev.codefresh.io/cfapi
  version: 21.221.36-cr-17544
- name: cfapi
  repository: https://chartmuseum-dev.codefresh.io/cfapi
  version: 21.221.36-cr-17544
- name: cfapi
  repository: https://chartmuseum-dev.codefresh.io/cfapi
  version: 21.221.36-cr-17544
- name: cfapi
  repository: https://chartmuseum-dev.codefresh.io/cfapi
  version: 21.221.36-cr-17544
- name: cfapi
  repository: https://chartmuseum-dev.codefresh.io/cfapi
  version: 21.221.36-cr-17544
- name: cfapi
  repository: https://chartmuseum-dev.codefresh.io/cfapi
  version: 21.221.36-cr-17544
- name: cfapi
  repository: https://chartmuseum-dev.codefresh.io/cfapi
  version: 21.221.36-cr-17544
- name: cfapi
  repository: https://chartmuseum-dev.codefresh.io/cfapi
  version: 21.221.36-cr-17544
- name: cfapi
  repository: https://chartmuseum-dev.codefresh.io/cfapi
  version: 21.221.36-cr-17544
- name: cfapi
  repository: https://chartmuseum-dev.codefresh.io/cfapi
  version: 21.221.36-cr-17544
- name: cfapi
  repository: https://chartmuseum-dev.codefresh.io/cfapi
  version: 21.221.36-cr-17544
- name: cfui
  repository: https://chartmuseum.codefresh.io/cfui
  version: 14.88.41
- name: k8s-monitor
  repository: https://chartmuseum.codefresh.io/k8s-monitor
  version: 4.10.0
- name: runtime-environment-manager
  repository: https://chartmuseum.codefresh.io/runtime-environment-manager
  version: 3.25.0
- name: cf-broadcaster
  repository: https://chartmuseum.codefresh.io/cf-broadcaster
  version: 1.11.2
- name: helm-repo-manager
  repository: https://chartmuseum.codefresh.io/helm-repo-manager
  version: 0.10.1
- name: hermes
  repository: https://chartmuseum.codefresh.io/hermes
  version: 0.19.2
- name: nomios
  repository: https://chartmuseum.codefresh.io/nomios
  version: 0.10.2
- name: cronus
  repository: https://chartmuseum.codefresh.io/cronus
  version: 0.7.2
- name: cf-platform-analytics
  repository: https://chartmuseum.codefresh.io/cf-platform-analytics
  version: 0.45.4
- name: cf-platform-analytics
  repository: https://chartmuseum.codefresh.io/cf-platform-analytics
  version: 0.45.4
- name: argo-platform
  repository: https://chartmuseum.codefresh.io/argo-platform
  version: 1.2246.0
- name: argo-hub-platform
  repository: https://chartmuseum.codefresh.io/argo-hub-platform
  version: 0.1.1
- name: codefresh-tunnel-server
  repository: https://chartmuseum.codefresh.io/codefresh-tunnel-server
  version: 0.1.12
digest: sha256:5126e97f6417deda84df57272e286f0eb72157d065af8b80b2ea0f2119fff0f0
generated: "2023-05-11T20:32:16.581701342+03:00"
