dependencies:
- name: consul
  repository: file://pv-charts/consul
  version: 1.1.2
- name: mongodb
  repository: file://pv-charts/mongodb
  version: 0.4.12
- name: postgresql
  repository: file://pv-charts/postgresql
  version: 0.7.1
- name: redis
  repository: file://pv-charts/redis
  version: 0.8.0
- name: rabbitmq
  repository: file://pv-charts/rabbitmq
  version: 0.6.15
- name: nats
  repository: file://../nats
  version: 0.1.1
- name: builder
  repository: file://local-charts/builder
  version: 0.1.4
- name: runner
  repository: file://local-charts/runner
  version: 0.1.4
- name: registry
  repository: file://../registry
  version: 0.1.2
- name: ingress
  repository: file://../ingress
  version: 0.1.10
- name: cluster-providers
  repository: http://chartmuseum.codefresh.io/cluster-providers
  version: 1.9.5
- name: kube-integration
  repository: http://chartmuseum.codefresh.io/kube-integration
  version: 1.23.4
- name: accounts-referrals
  repository: http://chartmuseum.codefresh.io/accounts-referrals
  version: 1.6.2
- name: charts-manager
  repository: http://chartmuseum.codefresh.io/charts-manager
  version: 1.8.7
- name: mailer
  repository: http://chartmuseum.codefresh.io/mailer
  version: 1.15.2
- name: payments
  repository: http://chartmuseum.codefresh.io/payments
  version: 2.6.1
- name: cfsign
  repository: http://chartmuseum.codefresh.io/cfsign
  version: 1.1.3
- name: segment-reporter
  repository: http://chartmuseum.codefresh.io/segment-reporter
  version: 1.12.0
- name: salesforce-reporter
  repository: http://chartmuseum.codefresh.io/salesforce-reporter
  version: 1.13.6
- name: tasker-kubernetes
  repository: http://chartmuseum.codefresh.io/tasker-kubernetes
  version: 1.12.1
- name: context-manager
  repository: http://chartmuseum.codefresh.io/context-manager
  version: 2.16.19
- name: pipeline-manager
  repository: http://chartmuseum.codefresh.io/pipeline-manager
  version: 3.115.4
- name: cfapi
  repository: http://chartmuseum.codefresh.io/cfapi
  version: 21.52.1
- name: cfui
  repository: http://chartmuseum.codefresh.io/cfui
  version: 14.36.9
- name: k8s-monitor
  repository: http://chartmuseum.codefresh.io/k8s-monitor
  version: 4.8.6
- name: onboarding-status
  repository: http://chartmuseum.codefresh.io/onboarding-status
  version: 1.6.5
- name: runtime-environment-manager
  repository: http://chartmuseum.codefresh.io/runtime-environment-manager
  version: 3.20.8
- name: cf-broadcaster
  repository: http://chartmuseum.codefresh.io/cf-broadcaster
  version: 1.6.2
- name: helm-repo-manager
  repository: http://chartmuseum.codefresh.io/helm-repo-manager
  version: 0.7.12
- name: hermes
  repository: http://chartmuseum.codefresh.io/hermes
  version: 0.17.13
- name: nomios
  repository: http://chartmuseum.codefresh.io/nomios
  version: 0.8.8
- name: cronus
  repository: http://chartmuseum.codefresh.io/cronus
  version: 0.6.2
digest: sha256:232afaa61286dfcf293e4db3654fa6334776ba02e90ff4f4fff305241548dc28
generated: "2021-05-18T12:04:02.408131+03:00"
