dependencies:
- name: consul
  repository: file://pv-charts/consul
  version: 1.1.3
- name: mongodb
  repository: file://pv-charts/mongodb
  version: 0.4.13
- name: postgresql
  repository: file://pv-charts/postgresql
  version: 0.7.2
- name: redis
  repository: https://charts.bitnami.com/bitnami
  version: 16.9.0
- name: rabbitmq
  repository: https://charts.bitnami.com/bitnami
  version: 9.0.8
- name: nats
  repository: file://../nats
  version: 0.1.2
- name: builder
  repository: file://local-charts/builder
  version: 0.1.4
- name: runner
  repository: file://local-charts/runner
  version: 0.1.4
- name: ingress-nginx
  repository: https://kubernetes.github.io/ingress-nginx
  version: 4.1.0
- name: cluster-providers
  repository: http://chartmuseum.codefresh.io/cluster-providers
  version: 1.10.10
- name: kube-integration
  repository: http://chartmuseum.codefresh.io/kube-integration
  version: 1.25.13
- name: charts-manager
  repository: http://chartmuseum.codefresh.io/charts-manager
  version: 1.9.6
- name: cfsign
  repository: http://chartmuseum.codefresh.io/cfsign
  version: 1.3.5
- name: tasker-kubernetes
  repository: http://chartmuseum.codefresh.io/tasker-kubernetes
  version: 1.17.5
- name: context-manager
  repository: http://chartmuseum.codefresh.io/context-manager
  version: 2.20.26
- name: pipeline-manager
  repository: http://chartmuseum.codefresh.io/pipeline-manager
  version: 3.121.8
- name: gitops-dashboard-manager
  repository: http://chartmuseum.codefresh.io/gitops-dashboard-manager
  version: 1.7.21
- name: cfapi
  repository: http://chartmuseum.codefresh.io/cfapi
  version: 21.156.1
- name: cfui
  repository: http://chartmuseum.codefresh.io/cfui
  version: 14.69.56
- name: k8s-monitor
  repository: http://chartmuseum.codefresh.io/k8s-monitor
  version: 4.8.15
- name: runtime-environment-manager
  repository: http://chartmuseum.codefresh.io/runtime-environment-manager
  version: 3.21.3
- name: cf-broadcaster
  repository: http://chartmuseum.codefresh.io/cf-broadcaster
  version: 1.10.7
- name: helm-repo-manager
  repository: http://chartmuseum.codefresh.io/helm-repo-manager
  version: 0.8.6
- name: hermes
  repository: http://chartmuseum.codefresh.io/hermes
  version: 0.17.24
- name: nomios
  repository: http://chartmuseum.codefresh.io/nomios
  version: 0.9.5
- name: cronus
  repository: http://chartmuseum.codefresh.io/cronus
  version: 0.6.4
- name: argo-platform
  repository: https://chartmuseum-dev.codefresh.io/argo-platform
  version: 1.1283.0-CR-10928-6ead16b
digest: sha256:0773778f27caab7da1030423c7b9a5b0beed6fce0ae38f4f4d689e20f3907681
generated: "2022-05-31T00:25:42.41886547+03:00"
