dependencies:
- name: consul
  repository: file://pv-charts/consul
  version: 1.1.2
- name: mongodb
  repository: file://pv-charts/mongodb
  version: 0.4.12
- name: postgresql
  repository: file://pv-charts/postgresql
  version: 0.7.1
- name: redis
  repository: file://pv-charts/redis
  version: 0.8.0
- name: rabbitmq
  repository: file://pv-charts/rabbitmq
  version: 0.6.15
- name: nats
  repository: file://../nats
  version: 0.1.1
- name: builder
  repository: file://local-charts/builder
  version: 0.1.4
- name: runner
  repository: file://local-charts/runner
  version: 0.1.4
- name: registry
  repository: file://../registry
  version: 0.1.2
- name: ingress
  repository: file://../ingress
  version: 0.1.8
- name: cluster-providers
  repository: http://chartmuseum.codefresh.io
  version: 1.3.0
- name: kube-integration
  repository: http://chartmuseum.codefresh.io
  version: 1.8.0
- name: accounts-referrals
  repository: http://chartmuseum.codefresh.io
  version: 1.2.0
- name: charts-manager
  repository: http://chartmuseum.codefresh.io
  version: 1.1.3
- name: mailer
  repository: http://chartmuseum.codefresh.io
  version: 1.9.0
- name: payments
  repository: http://chartmuseum.codefresh.io
  version: 1.14.0
- name: cfsign
  repository: http://chartmuseum.codefresh.io
  version: 1.1.2
- name: segment-reporter
  repository: http://chartmuseum.codefresh.io
  version: 1.1.2
- name: salesforce-reporter
  repository: http://chartmuseum.codefresh.io
  version: 1.1.12
- name: tasker-kubernetes
  repository: http://chartmuseum.codefresh.io
  version: 1.1.3
- name: context-manager
  repository: http://chartmuseum.codefresh.io
  version: 1.4.0
- name: pipeline-manager
  repository: http://chartmuseum.codefresh.io
  version: 3.49.3
- name: cfapi
  repository: http://chartmuseum.codefresh.io
  version: 6.205.2
- name: cfui
  repository: http://chartmuseum.codefresh.io
  version: 4.196.7
- name: onboarding-status
  repository: http://chartmuseum.codefresh.io
  version: 1.1.2
- name: runtime-environment-manager
  repository: http://chartmuseum.codefresh.io
  version: 3.7.0
- name: cf-broadcaster
  repository: http://chartmuseum.codefresh.io
  version: 1.2.0
- name: helm-repo-manager
  repository: http://chartmuseum.codefresh.io
  version: 0.5.1
- name: hermes
  repository: http://chartmuseum.codefresh.io
  version: 0.16.7
- name: nomios
  repository: http://chartmuseum.codefresh.io
  version: 0.6.9
- name: cronus
  repository: http://chartmuseum.codefresh.io
  version: 0.4.1
- name: chartmuseum
  repository: file://local-charts/chartmuseum
  version: 1.3.1
digest: sha256:eaf0fb7da9d18b25c865b78d31ebb03a67702997e8b16eaebc792ea80562dbeb
generated: "2019-11-03T09:58:09.27281733+02:00"
